
Microsoft Visual Studio Solution File, Format Version 12.00
# Visual Studio Version 16
VisualStudioVersion = 16.0.30611.23
MinimumVisualStudioVersion = 10.0.40219.1
Project("{2150E333-8FDC-42A3-9474-1A3956D46DE8}") = "Microservices", "Microservices", "{855F723A-DB3F-4F05-9305-3EBE2CB81CB4}"
EndProject
Project("{2150E333-8FDC-42A3-9474-1A3956D46DE8}") = "Domain", "Domain", "{78813F7D-134B-449A-9592-00AD70A1710B}"
EndProject
Project("{2150E333-8FDC-42A3-9474-1A3956D46DE8}") = "Infra.Bus", "Infra.Bus", "{C47EDA91-E114-4F4C-BAA7-6F60A3EA77D3}"
EndProject
Project("{2150E333-8FDC-42A3-9474-1A3956D46DE8}") = "Infra.IoC", "Infra.IoC", "{020B6B86-36E6-410E-B0CB-F77D7DD82DCD}"
EndProject
Project("{2150E333-8FDC-42A3-9474-1A3956D46DE8}") = "Presentation", "Presentation", "{75F1A466-213E-4787-B3F2-B9556BE9383D}"
EndProject
Project("{FAE04EC0-301F-11D3-BF4B-00C04F79EFBC}") = "MicroRabbit.Domain.Core", "MicroRabbit.Domain.Core\MicroRabbit.Domain.Core.csproj", "{A9BE0B24-F6B7-4FD6-83C9-0B9B56D42D61}"
EndProject
Project("{FAE04EC0-301F-11D3-BF4B-00C04F79EFBC}") = "MicroRabbit.Infra.Bus", "MicroRabbit.Infra.Bus\MicroRabbit.Infra.Bus.csproj", "{401C170F-FEFB-41F5-B0A6-AAFA3ABF221D}"
EndProject
Project("{FAE04EC0-301F-11D3-BF4B-00C04F79EFBC}") = "MicroRabbit.Infra.IoC", "MicroRabbit.Infra.IoC\MicroRabbit.Infra.IoC.csproj", "{EFE5DAFC-2431-48AC-902A-1E26E88F8820}"
EndProject
Global
	GlobalSection(SolutionConfigurationPlatforms) = preSolution
		Debug|Any CPU = Debug|Any CPU
		Release|Any CPU = Release|Any CPU
	EndGlobalSection
	GlobalSection(ProjectConfigurationPlatforms) = postSolution
		{A9BE0B24-F6B7-4FD6-83C9-0B9B56D42D61}.Debug|Any CPU.ActiveCfg = Debug|Any CPU
		{A9BE0B24-F6B7-4FD6-83C9-0B9B56D42D61}.Debug|Any CPU.Build.0 = Debug|Any CPU
		{A9BE0B24-F6B7-4FD6-83C9-0B9B56D42D61}.Release|Any CPU.ActiveCfg = Release|Any CPU
		{A9BE0B24-F6B7-4FD6-83C9-0B9B56D42D61}.Release|Any CPU.Build.0 = Release|Any CPU
		{401C170F-FEFB-41F5-B0A6-AAFA3ABF221D}.Debug|Any CPU.ActiveCfg = Debug|Any CPU
		{401C170F-FEFB-41F5-B0A6-AAFA3ABF221D}.Debug|Any CPU.Build.0 = Debug|Any CPU
		{401C170F-FEFB-41F5-B0A6-AAFA3ABF221D}.Release|Any CPU.ActiveCfg = Release|Any CPU
		{401C170F-FEFB-41F5-B0A6-AAFA3ABF221D}.Release|Any CPU.Build.0 = Release|Any CPU
		{EFE5DAFC-2431-48AC-902A-1E26E88F8820}.Debug|Any CPU.ActiveCfg = Debug|Any CPU
		{EFE5DAFC-2431-48AC-902A-1E26E88F8820}.Debug|Any CPU.Build.0 = Debug|Any CPU
		{EFE5DAFC-2431-48AC-902A-1E26E88F8820}.Release|Any CPU.ActiveCfg = Release|Any CPU
		{EFE5DAFC-2431-48AC-902A-1E26E88F8820}.Release|Any CPU.Build.0 = Release|Any CPU
	EndGlobalSection
	GlobalSection(SolutionProperties) = preSolution
		HideSolutionNode = FALSE
	EndGlobalSection
	GlobalSection(NestedProjects) = preSolution
		{A9BE0B24-F6B7-4FD6-83C9-0B9B56D42D61} = {78813F7D-134B-449A-9592-00AD70A1710B}
		{401C170F-FEFB-41F5-B0A6-AAFA3ABF221D} = {C47EDA91-E114-4F4C-BAA7-6F60A3EA77D3}
		{EFE5DAFC-2431-48AC-902A-1E26E88F8820} = {020B6B86-36E6-410E-B0CB-F77D7DD82DCD}
	EndGlobalSection
	GlobalSection(ExtensibilityGlobals) = postSolution
		SolutionGuid = {C5727A61-5B80-4F51-9565-ACBCBB89FE16}
	EndGlobalSection
EndGlobal
